
Microsoft Visual Studio Solution File, Format Version 12.00
# Visual Studio Version 17
VisualStudioVersion = 17.7.34031.279
MinimumVisualStudioVersion = 10.0.40219.1
Project("{FAE04EC0-301F-11D3-BF4B-00C04F79EFBC}") = "FP.Patterns.Command.Exercice0", "FP.Patterns.Command.Exercice0.csproj", "{D723E4E5-AF87-4500-9216-4E47D7267BD3}"
EndProject
Global
	GlobalSection(SolutionConfigurationPlatforms) = preSolution
		Debug|Any CPU = Debug|Any CPU
		Release|Any CPU = Release|Any CPU
	EndGlobalSection
	GlobalSection(ProjectConfigurationPlatforms) = postSolution
		{D723E4E5-AF87-4500-9216-4E47D7267BD3}.Debug|Any CPU.ActiveCfg = Debug|Any CPU
		{D723E4E5-AF87-4500-9216-4E47D7267BD3}.Debug|Any CPU.Build.0 = Debug|Any CPU
		{D723E4E5-AF87-4500-9216-4E47D7267BD3}.Release|Any CPU.ActiveCfg = Release|Any CPU
		{D723E4E5-AF87-4500-9216-4E47D7267BD3}.Release|Any CPU.Build.0 = Release|Any CPU
	EndGlobalSection
	GlobalSection(SolutionProperties) = preSolution
		HideSolutionNode = FALSE
	EndGlobalSection
	GlobalSection(ExtensibilityGlobals) = postSolution
		SolutionGuid = {90CE75C2-2737-4A1E-A81E-73ADE17E5CC6}
	EndGlobalSection
EndGlobal
